{
  "dependencies": {
    "fast-csv": {
      "version": "0.5.3",
      "resolved": "https://registry.npmjs.org/fast-csv/-/fast-csv-0.5.3.tgz",
      "from": "https://registry.npmjs.org/fast-csv/-/fast-csv-0.5.3.tgz",
      "dependencies": {
        "extended": {
          "version": "0.0.6",
          "resolved": "https://registry.npmjs.org/extended/-/extended-0.0.6.tgz",
          "from": "https://registry.npmjs.org/extended/-/extended-0.0.6.tgz",
          "dependencies": {
            "extender": {
              "version": "0.0.10",
              "resolved": "https://registry.npmjs.org/extender/-/extender-0.0.10.tgz",
              "from": "https://registry.npmjs.org/extender/-/extender-0.0.10.tgz",
              "dependencies": {
                "declare.js": {
                  "version": "0.0.8",
                  "resolved": "https://registry.npmjs.org/declare.js/-/declare.js-0.0.8.tgz",
                  "from": "https://registry.npmjs.org/declare.js/-/declare.js-0.0.8.tgz"
                }
              }
            }
          }
        },
        "is-extended": {
          "version": "0.0.10",
          "resolved": "https://registry.npmjs.org/is-extended/-/is-extended-0.0.10.tgz",
          "from": "https://registry.npmjs.org/is-extended/-/is-extended-0.0.10.tgz"
        },
        "object-extended": {
          "version": "0.0.7",
          "resolved": "https://registry.npmjs.org/object-extended/-/object-extended-0.0.7.tgz",
          "from": "https://registry.npmjs.org/object-extended/-/object-extended-0.0.7.tgz",
          "dependencies": {
            "array-extended": {
              "version": "0.0.11",
              "resolved": "https://registry.npmjs.org/array-extended/-/array-extended-0.0.11.tgz",
              "from": "https://registry.npmjs.org/array-extended/-/array-extended-0.0.11.tgz",
              "dependencies": {
                "arguments-extended": {
                  "version": "0.0.3",
                  "resolved": "https://registry.npmjs.org/arguments-extended/-/arguments-extended-0.0.3.tgz",
                  "from": "https://registry.npmjs.org/arguments-extended/-/arguments-extended-0.0.3.tgz"
                }
              }
            }
          }
        },
        "string-extended": {
          "version": "0.0.8",
          "resolved": "https://registry.npmjs.org/string-extended/-/string-extended-0.0.8.tgz",
          "from": "https://registry.npmjs.org/string-extended/-/string-extended-0.0.8.tgz",
          "dependencies": {
            "array-extended": {
              "version": "0.0.11",
              "resolved": "https://registry.npmjs.org/array-extended/-/array-extended-0.0.11.tgz",
              "from": "https://registry.npmjs.org/array-extended/-/array-extended-0.0.11.tgz",
              "dependencies": {
                "arguments-extended": {
                  "version": "0.0.3",
                  "resolved": "https://registry.npmjs.org/arguments-extended/-/arguments-extended-0.0.3.tgz",
                  "from": "https://registry.npmjs.org/arguments-extended/-/arguments-extended-0.0.3.tgz"
                }
              }
            },
            "date-extended": {
              "version": "0.0.6",
              "resolved": "https://registry.npmjs.org/date-extended/-/date-extended-0.0.6.tgz",
              "from": "https://registry.npmjs.org/date-extended/-/date-extended-0.0.6.tgz"
            }
          }
        }
      }
    },
    "jszip": {
      "version": "2.4.0",
      "resolved": "https://registry.npmjs.org/jszip/-/jszip-2.4.0.tgz",
      "from": "https://registry.npmjs.org/jszip/-/jszip-2.4.0.tgz",
      "dependencies": {
        "pako": {
          "version": "0.2.8",
          "resolved": "https://registry.npmjs.org/pako/-/pako-0.2.8.tgz",
          "from": "https://registry.npmjs.org/pako/-/pako-0.2.8.tgz"
        }
      }
    },
    "xmlbuilder": {
      "version": "2.4.4",
      "resolved": "https://registry.npmjs.org/xmlbuilder/-/xmlbuilder-2.4.4.tgz",
      "from": "https://registry.npmjs.org/xmlbuilder/-/xmlbuilder-2.4.4.tgz",
      "dependencies": {
        "lodash-node": {
          "version": "2.4.1",
          "resolved": "https://registry.npmjs.org/lodash-node/-/lodash-node-2.4.1.tgz",
          "from": "https://registry.npmjs.org/lodash-node/-/lodash-node-2.4.1.tgz"
        }
      }
    }
  }
}
